
Microsoft Visual Studio Solution File, Format Version 12.00
# Visual Studio Version 17
VisualStudioVersion = 17.14.36109.1
MinimumVisualStudioVersion = 10.0.40219.1
Project("{8BC9CEB8-8B4A-11D0-8D11-00A0C91BC942}") = "Project1", "Project1\Project1.vcxproj", "{D1CEE758-AA55-4944-A41C-E596EE97AA9F}"
EndProject
Project("{8BC9CEB8-8B4A-11D0-8D11-00A0C91BC942}") = "02_data_types", "02_data_types\02_data_types.vcxproj", "{E0BD155F-C3BC-4519-904F-F12F6A459AE2}"
EndProject
Project("{8BC9CEB8-8B4A-11D0-8D11-00A0C91BC942}") = "02_practice", "02_practice\02_practice.vcxproj", "{525599E0-93DE-4AC1-8F7E-0BD195F8C62F}"
EndProject
Project("{8BC9CEB8-8B4A-11D0-8D11-00A0C91BC942}") = "03_operators", "02_operators\02_operators.vcxproj", "{B17E82CB-38A0-426E-9FA6-24AA3B8FF2C2}"
EndProject
Project("{8BC9CEB8-8B4A-11D0-8D11-00A0C91BC942}") = "03_practice", "03_practice\03_practice.vcxproj", "{890F894A-764C-49DF-B2B1-E81A13CFE430}"
EndProject
Global
	GlobalSection(SolutionConfigurationPlatforms) = preSolution
		Debug|x64 = Debug|x64
		Debug|x86 = Debug|x86
		Release|x64 = Release|x64
		Release|x86 = Release|x86
	EndGlobalSection
	GlobalSection(ProjectConfigurationPlatforms) = postSolution
		{D1CEE758-AA55-4944-A41C-E596EE97AA9F}.Debug|x64.ActiveCfg = Debug|x64
		{D1CEE758-AA55-4944-A41C-E596EE97AA9F}.Debug|x64.Build.0 = Debug|x64
		{D1CEE758-AA55-4944-A41C-E596EE97AA9F}.Debug|x86.ActiveCfg = Debug|Win32
		{D1CEE758-AA55-4944-A41C-E596EE97AA9F}.Debug|x86.Build.0 = Debug|Win32
		{D1CEE758-AA55-4944-A41C-E596EE97AA9F}.Release|x64.ActiveCfg = Release|x64
		{D1CEE758-AA55-4944-A41C-E596EE97AA9F}.Release|x64.Build.0 = Release|x64
		{D1CEE758-AA55-4944-A41C-E596EE97AA9F}.Release|x86.ActiveCfg = Release|Win32
		{D1CEE758-AA55-4944-A41C-E596EE97AA9F}.Release|x86.Build.0 = Release|Win32
		{E0BD155F-C3BC-4519-904F-F12F6A459AE2}.Debug|x64.ActiveCfg = Debug|x64
		{E0BD155F-C3BC-4519-904F-F12F6A459AE2}.Debug|x64.Build.0 = Debug|x64
		{E0BD155F-C3BC-4519-904F-F12F6A459AE2}.Debug|x86.ActiveCfg = Debug|Win32
		{E0BD155F-C3BC-4519-904F-F12F6A459AE2}.Debug|x86.Build.0 = Debug|Win32
		{E0BD155F-C3BC-4519-904F-F12F6A459AE2}.Release|x64.ActiveCfg = Release|x64
		{E0BD155F-C3BC-4519-904F-F12F6A459AE2}.Release|x64.Build.0 = Release|x64
		{E0BD155F-C3BC-4519-904F-F12F6A459AE2}.Release|x86.ActiveCfg = Release|Win32
		{E0BD155F-C3BC-4519-904F-F12F6A459AE2}.Release|x86.Build.0 = Release|Win32
		{525599E0-93DE-4AC1-8F7E-0BD195F8C62F}.Debug|x64.ActiveCfg = Debug|x64
		{525599E0-93DE-4AC1-8F7E-0BD195F8C62F}.Debug|x64.Build.0 = Debug|x64
		{525599E0-93DE-4AC1-8F7E-0BD195F8C62F}.Debug|x86.ActiveCfg = Debug|Win32
		{525599E0-93DE-4AC1-8F7E-0BD195F8C62F}.Debug|x86.Build.0 = Debug|Win32
		{525599E0-93DE-4AC1-8F7E-0BD195F8C62F}.Release|x64.ActiveCfg = Release|x64
		{525599E0-93DE-4AC1-8F7E-0BD195F8C62F}.Release|x64.Build.0 = Release|x64
		{525599E0-93DE-4AC1-8F7E-0BD195F8C62F}.Release|x86.ActiveCfg = Release|Win32
		{525599E0-93DE-4AC1-8F7E-0BD195F8C62F}.Release|x86.Build.0 = Release|Win32
		{B17E82CB-38A0-426E-9FA6-24AA3B8FF2C2}.Debug|x64.ActiveCfg = Debug|x64
		{B17E82CB-38A0-426E-9FA6-24AA3B8FF2C2}.Debug|x64.Build.0 = Debug|x64
		{B17E82CB-38A0-426E-9FA6-24AA3B8FF2C2}.Debug|x86.ActiveCfg = Debug|Win32
		{B17E82CB-38A0-426E-9FA6-24AA3B8FF2C2}.Debug|x86.Build.0 = Debug|Win32
		{B17E82CB-38A0-426E-9FA6-24AA3B8FF2C2}.Release|x64.ActiveCfg = Release|x64
		{B17E82CB-38A0-426E-9FA6-24AA3B8FF2C2}.Release|x64.Build.0 = Release|x64
		{B17E82CB-38A0-426E-9FA6-24AA3B8FF2C2}.Release|x86.ActiveCfg = Release|Win32
		{B17E82CB-38A0-426E-9FA6-24AA3B8FF2C2}.Release|x86.Build.0 = Release|Win32
		{890F894A-764C-49DF-B2B1-E81A13CFE430}.Debug|x64.ActiveCfg = Debug|x64
		{890F894A-764C-49DF-B2B1-E81A13CFE430}.Debug|x64.Build.0 = Debug|x64
		{890F894A-764C-49DF-B2B1-E81A13CFE430}.Debug|x86.ActiveCfg = Debug|Win32
		{890F894A-764C-49DF-B2B1-E81A13CFE430}.Debug|x86.Build.0 = Debug|Win32
		{890F894A-764C-49DF-B2B1-E81A13CFE430}.Release|x64.ActiveCfg = Release|x64
		{890F894A-764C-49DF-B2B1-E81A13CFE430}.Release|x64.Build.0 = Release|x64
		{890F894A-764C-49DF-B2B1-E81A13CFE430}.Release|x86.ActiveCfg = Release|Win32
		{890F894A-764C-49DF-B2B1-E81A13CFE430}.Release|x86.Build.0 = Release|Win32
	EndGlobalSection
	GlobalSection(SolutionProperties) = preSolution
		HideSolutionNode = FALSE
	EndGlobalSection
	GlobalSection(ExtensibilityGlobals) = postSolution
		SolutionGuid = {0DA33E7D-4D95-4F33-B7C4-4E79C18C3359}
	EndGlobalSection
EndGlobal
